
Microsoft Visual Studio Solution File, Format Version 12.00
# Visual Studio Version 17
VisualStudioVersion = 17.11.35312.102
MinimumVisualStudioVersion = 10.0.40219.1
Project("{9A19103F-16F7-4668-BE54-9A1E7A4F7556}") = "IdentityService", "IdentityService\IdentityService.csproj", "{B382F118-256C-4C35-AEF2-C1216FEB3413}"
EndProject
Project("{9A19103F-16F7-4668-BE54-9A1E7A4F7556}") = "OrderService", "OrderService\OrderService.csproj", "{87263D5B-57EF-44CC-B2FF-84E3A6E6D11C}"
EndProject
Project("{9A19103F-16F7-4668-BE54-9A1E7A4F7556}") = "PaymentProcessorService", "PaymentProcessorService\PaymentProcessorService.csproj", "{B3D9407E-884D-493D-A068-7FED4C71F70B}"
EndProject
Project("{9A19103F-16F7-4668-BE54-9A1E7A4F7556}") = "Shared", "Shared\Shared.csproj", "{660B5C0E-73D0-4AA3-9A73-293709E889B2}"
EndProject
Project("{E53339B2-1760-4266-BCC7-CA923CBCF16C}") = "docker-compose", "docker-compose.dcproj", "{24472C18-E890-43B1-9770-50F26179A405}"
EndProject
Global
	GlobalSection(SolutionConfigurationPlatforms) = preSolution
		Debug|Any CPU = Debug|Any CPU
		Release|Any CPU = Release|Any CPU
	EndGlobalSection
	GlobalSection(ProjectConfigurationPlatforms) = postSolution
		{B382F118-256C-4C35-AEF2-C1216FEB3413}.Debug|Any CPU.ActiveCfg = Debug|Any CPU
		{B382F118-256C-4C35-AEF2-C1216FEB3413}.Debug|Any CPU.Build.0 = Debug|Any CPU
		{B382F118-256C-4C35-AEF2-C1216FEB3413}.Release|Any CPU.ActiveCfg = Release|Any CPU
		{B382F118-256C-4C35-AEF2-C1216FEB3413}.Release|Any CPU.Build.0 = Release|Any CPU
		{87263D5B-57EF-44CC-B2FF-84E3A6E6D11C}.Debug|Any CPU.ActiveCfg = Debug|Any CPU
		{87263D5B-57EF-44CC-B2FF-84E3A6E6D11C}.Debug|Any CPU.Build.0 = Debug|Any CPU
		{87263D5B-57EF-44CC-B2FF-84E3A6E6D11C}.Release|Any CPU.ActiveCfg = Release|Any CPU
		{87263D5B-57EF-44CC-B2FF-84E3A6E6D11C}.Release|Any CPU.Build.0 = Release|Any CPU
		{B3D9407E-884D-493D-A068-7FED4C71F70B}.Debug|Any CPU.ActiveCfg = Debug|Any CPU
		{B3D9407E-884D-493D-A068-7FED4C71F70B}.Debug|Any CPU.Build.0 = Debug|Any CPU
		{B3D9407E-884D-493D-A068-7FED4C71F70B}.Release|Any CPU.ActiveCfg = Release|Any CPU
		{B3D9407E-884D-493D-A068-7FED4C71F70B}.Release|Any CPU.Build.0 = Release|Any CPU
		{660B5C0E-73D0-4AA3-9A73-293709E889B2}.Debug|Any CPU.ActiveCfg = Debug|Any CPU
		{660B5C0E-73D0-4AA3-9A73-293709E889B2}.Debug|Any CPU.Build.0 = Debug|Any CPU
		{660B5C0E-73D0-4AA3-9A73-293709E889B2}.Release|Any CPU.ActiveCfg = Release|Any CPU
		{660B5C0E-73D0-4AA3-9A73-293709E889B2}.Release|Any CPU.Build.0 = Release|Any CPU
		{24472C18-E890-43B1-9770-50F26179A405}.Debug|Any CPU.ActiveCfg = Debug|Any CPU
		{24472C18-E890-43B1-9770-50F26179A405}.Debug|Any CPU.Build.0 = Debug|Any CPU
		{24472C18-E890-43B1-9770-50F26179A405}.Release|Any CPU.ActiveCfg = Release|Any CPU
		{24472C18-E890-43B1-9770-50F26179A405}.Release|Any CPU.Build.0 = Release|Any CPU
	EndGlobalSection
	GlobalSection(SolutionProperties) = preSolution
		HideSolutionNode = FALSE
	EndGlobalSection
	GlobalSection(ExtensibilityGlobals) = postSolution
		SolutionGuid = {5E1F1E18-511B-48C9-951B-C0A5FCEDC0F8}
	EndGlobalSection
EndGlobal
